
Microsoft Visual Studio Solution File, Format Version 12.00
# Visual Studio Version 17
VisualStudioVersion = 17.12.35506.116 d17.12
MinimumVisualStudioVersion = 10.0.40219.1
Project("{FAE04EC0-301F-11D3-BF4B-00C04F79EFBC}") = "RestaurantManagement.GUI", "RestaurantManagement.GUI\RestaurantManagement.GUI.csproj", "{F09BD7B1-964E-4818-BC23-2C87BBDBB2B3}"
EndProject
Project("{FAE04EC0-301F-11D3-BF4B-00C04F79EFBC}") = "RestaurantManagement.DAL", "RestaurantManagement.DAL\RestaurantManagement.DAL.csproj", "{77BF3CB9-2F9C-48C0-8668-1668FA56DE97}"
EndProject
Project("{FAE04EC0-301F-11D3-BF4B-00C04F79EFBC}") = "RestaurantManagement.BUS", "RestaurantManagement.BUS\RestaurantManagement.BUS.csproj", "{ABB1F87D-81F1-415A-9C54-523E8C590C20}"
EndProject
Global
	GlobalSection(SolutionConfigurationPlatforms) = preSolution
		Debug|Any CPU = Debug|Any CPU
		Release|Any CPU = Release|Any CPU
	EndGlobalSection
	GlobalSection(ProjectConfigurationPlatforms) = postSolution
		{F09BD7B1-964E-4818-BC23-2C87BBDBB2B3}.Debug|Any CPU.ActiveCfg = Debug|Any CPU
		{F09BD7B1-964E-4818-BC23-2C87BBDBB2B3}.Debug|Any CPU.Build.0 = Debug|Any CPU
		{F09BD7B1-964E-4818-BC23-2C87BBDBB2B3}.Release|Any CPU.ActiveCfg = Release|Any CPU
		{F09BD7B1-964E-4818-BC23-2C87BBDBB2B3}.Release|Any CPU.Build.0 = Release|Any CPU
		{77BF3CB9-2F9C-48C0-8668-1668FA56DE97}.Debug|Any CPU.ActiveCfg = Debug|Any CPU
		{77BF3CB9-2F9C-48C0-8668-1668FA56DE97}.Debug|Any CPU.Build.0 = Debug|Any CPU
		{77BF3CB9-2F9C-48C0-8668-1668FA56DE97}.Release|Any CPU.ActiveCfg = Release|Any CPU
		{77BF3CB9-2F9C-48C0-8668-1668FA56DE97}.Release|Any CPU.Build.0 = Release|Any CPU
		{ABB1F87D-81F1-415A-9C54-523E8C590C20}.Debug|Any CPU.ActiveCfg = Debug|Any CPU
		{ABB1F87D-81F1-415A-9C54-523E8C590C20}.Debug|Any CPU.Build.0 = Debug|Any CPU
		{ABB1F87D-81F1-415A-9C54-523E8C590C20}.Release|Any CPU.ActiveCfg = Release|Any CPU
		{ABB1F87D-81F1-415A-9C54-523E8C590C20}.Release|Any CPU.Build.0 = Release|Any CPU
	EndGlobalSection
	GlobalSection(SolutionProperties) = preSolution
		HideSolutionNode = FALSE
	EndGlobalSection
EndGlobal
